
Microsoft Visual Studio Solution File, Format Version 12.00
# Visual Studio Version 16
VisualStudioVersion = 16.0.30711.63
MinimumVisualStudioVersion = 15.0.26124.0
Project("{2150E333-8FDC-42A3-9474-1A3956D46DE8}") = "Src", "Src", "{574AA9BF-60B6-4D94-8AE0-EB965971AE72}"
EndProject
Project("{9A19103F-16F7-4668-BE54-9A1E7A4F7556}") = "CpTech.Core", "Src\CpTech.Core\CpTech.Core.csproj", "{FBAB3C4D-D719-4E47-93F8-F3C7CD8DBD89}"
EndProject
Project("{2150E333-8FDC-42A3-9474-1A3956D46DE8}") = "Solution Items", "Solution Items", "{0CF17F9D-3BC0-4627-962E-F38665ED181A}"
	ProjectSection(SolutionItems) = preProject
		.editorconfig = .editorconfig
	EndProjectSection
EndProject
Project("{FAE04EC0-301F-11D3-BF4B-00C04F79EFBC}") = "CpTech.Core.Test", "Src\CpTech.Core.Test\CpTech.Core.Test.csproj", "{654B57AC-C6B5-452A-A56A-1F7497F1505E}"
EndProject
Global
	GlobalSection(SolutionConfigurationPlatforms) = preSolution
		Debug|Any CPU = Debug|Any CPU
		Debug|x64 = Debug|x64
		Debug|x86 = Debug|x86
		Release|Any CPU = Release|Any CPU
		Release|x64 = Release|x64
		Release|x86 = Release|x86
	EndGlobalSection
	GlobalSection(ProjectConfigurationPlatforms) = postSolution
		{FBAB3C4D-D719-4E47-93F8-F3C7CD8DBD89}.Debug|Any CPU.ActiveCfg = Debug|Any CPU
		{FBAB3C4D-D719-4E47-93F8-F3C7CD8DBD89}.Debug|Any CPU.Build.0 = Debug|Any CPU
		{FBAB3C4D-D719-4E47-93F8-F3C7CD8DBD89}.Debug|x64.ActiveCfg = Debug|Any CPU
		{FBAB3C4D-D719-4E47-93F8-F3C7CD8DBD89}.Debug|x64.Build.0 = Debug|Any CPU
		{FBAB3C4D-D719-4E47-93F8-F3C7CD8DBD89}.Debug|x86.ActiveCfg = Debug|Any CPU
		{FBAB3C4D-D719-4E47-93F8-F3C7CD8DBD89}.Debug|x86.Build.0 = Debug|Any CPU
		{FBAB3C4D-D719-4E47-93F8-F3C7CD8DBD89}.Release|Any CPU.ActiveCfg = Release|Any CPU
		{FBAB3C4D-D719-4E47-93F8-F3C7CD8DBD89}.Release|Any CPU.Build.0 = Release|Any CPU
		{FBAB3C4D-D719-4E47-93F8-F3C7CD8DBD89}.Release|x64.ActiveCfg = Release|Any CPU
		{FBAB3C4D-D719-4E47-93F8-F3C7CD8DBD89}.Release|x64.Build.0 = Release|Any CPU
		{FBAB3C4D-D719-4E47-93F8-F3C7CD8DBD89}.Release|x86.ActiveCfg = Release|Any CPU
		{FBAB3C4D-D719-4E47-93F8-F3C7CD8DBD89}.Release|x86.Build.0 = Release|Any CPU
		{654B57AC-C6B5-452A-A56A-1F7497F1505E}.Debug|Any CPU.ActiveCfg = Debug|Any CPU
		{654B57AC-C6B5-452A-A56A-1F7497F1505E}.Debug|Any CPU.Build.0 = Debug|Any CPU
		{654B57AC-C6B5-452A-A56A-1F7497F1505E}.Debug|x64.ActiveCfg = Debug|Any CPU
		{654B57AC-C6B5-452A-A56A-1F7497F1505E}.Debug|x64.Build.0 = Debug|Any CPU
		{654B57AC-C6B5-452A-A56A-1F7497F1505E}.Debug|x86.ActiveCfg = Debug|Any CPU
		{654B57AC-C6B5-452A-A56A-1F7497F1505E}.Debug|x86.Build.0 = Debug|Any CPU
		{654B57AC-C6B5-452A-A56A-1F7497F1505E}.Release|Any CPU.ActiveCfg = Release|Any CPU
		{654B57AC-C6B5-452A-A56A-1F7497F1505E}.Release|Any CPU.Build.0 = Release|Any CPU
		{654B57AC-C6B5-452A-A56A-1F7497F1505E}.Release|x64.ActiveCfg = Release|Any CPU
		{654B57AC-C6B5-452A-A56A-1F7497F1505E}.Release|x64.Build.0 = Release|Any CPU
		{654B57AC-C6B5-452A-A56A-1F7497F1505E}.Release|x86.ActiveCfg = Release|Any CPU
		{654B57AC-C6B5-452A-A56A-1F7497F1505E}.Release|x86.Build.0 = Release|Any CPU
	EndGlobalSection
	GlobalSection(SolutionProperties) = preSolution
		HideSolutionNode = FALSE
	EndGlobalSection
	GlobalSection(NestedProjects) = preSolution
		{FBAB3C4D-D719-4E47-93F8-F3C7CD8DBD89} = {574AA9BF-60B6-4D94-8AE0-EB965971AE72}
		{654B57AC-C6B5-452A-A56A-1F7497F1505E} = {574AA9BF-60B6-4D94-8AE0-EB965971AE72}
	EndGlobalSection
	GlobalSection(ExtensibilityGlobals) = postSolution
		SolutionGuid = {B1D12DFE-B26E-4FD7-819A-7F4CE82B4629}
	EndGlobalSection
EndGlobal
