
Microsoft Visual Studio Solution File, Format Version 12.00
# Visual Studio Version 17
VisualStudioVersion = 17.2.32519.379
MinimumVisualStudioVersion = 10.0.40219.1
Project("{2150E333-8FDC-42A3-9474-1A3956D46DE8}") = "Core", "Core", "{F1CB03AD-3A7B-447D-94FD-2D0149551CB1}"
EndProject
Project("{9A19103F-16F7-4668-BE54-9A1E7A4F7556}") = "TripleSix.Core", "Core\TripleSix.Core\TripleSix.Core.csproj", "{737520DE-F43F-4573-B0ED-4FC3F4BA0742}"
EndProject
Project("{2150E333-8FDC-42A3-9474-1A3956D46DE8}") = "Test", "Test", "{C4678F1B-BC6A-410F-85FE-B14B9A9EEB20}"
EndProject
Project("{9A19103F-16F7-4668-BE54-9A1E7A4F7556}") = "TripleSix.Core.Test", "Test\TripleSix.Core.Test\TripleSix.Core.Test.csproj", "{CB90BC33-2502-4F3E-B570-2950F72ED481}"
EndProject
Project("{2150E333-8FDC-42A3-9474-1A3956D46DE8}") = "Src", "Src", "{D932A903-5FDE-4689-A51B-21EF8CBC7AB8}"
EndProject
Project("{9A19103F-16F7-4668-BE54-9A1E7A4F7556}") = "Domain", "Src\Domain\Domain.csproj", "{FC91B1D5-ADA2-4845-9143-23DAF959C8CE}"
EndProject
Project("{9A19103F-16F7-4668-BE54-9A1E7A4F7556}") = "Application", "Src\Application\Application.csproj", "{4664E8D6-D9C8-414B-B11A-C9173537BB0A}"
EndProject
Project("{9A19103F-16F7-4668-BE54-9A1E7A4F7556}") = "Infrastructure", "Src\Infrastructure\Infrastructure.csproj", "{609C4BBA-5884-4B5B-AB29-0E07B616FF33}"
EndProject
Project("{9A19103F-16F7-4668-BE54-9A1E7A4F7556}") = "WebApi", "Src\WebApi\WebApi.csproj", "{A09F553C-74ED-4403-BBD9-1377E7D5379A}"
EndProject
Project("{FAE04EC0-301F-11D3-BF4B-00C04F79EFBC}") = "TestConsole", "Test\TestConsole\TestConsole.csproj", "{5D51943E-90A0-4E51-BFA1-3FD435AE2EAA}"
EndProject
Global
	GlobalSection(SolutionConfigurationPlatforms) = preSolution
		Debug|Any CPU = Debug|Any CPU
		Release|Any CPU = Release|Any CPU
	EndGlobalSection
	GlobalSection(ProjectConfigurationPlatforms) = postSolution
		{737520DE-F43F-4573-B0ED-4FC3F4BA0742}.Debug|Any CPU.ActiveCfg = Debug|Any CPU
		{737520DE-F43F-4573-B0ED-4FC3F4BA0742}.Debug|Any CPU.Build.0 = Debug|Any CPU
		{737520DE-F43F-4573-B0ED-4FC3F4BA0742}.Release|Any CPU.ActiveCfg = Release|Any CPU
		{737520DE-F43F-4573-B0ED-4FC3F4BA0742}.Release|Any CPU.Build.0 = Release|Any CPU
		{CB90BC33-2502-4F3E-B570-2950F72ED481}.Debug|Any CPU.ActiveCfg = Debug|Any CPU
		{CB90BC33-2502-4F3E-B570-2950F72ED481}.Debug|Any CPU.Build.0 = Debug|Any CPU
		{CB90BC33-2502-4F3E-B570-2950F72ED481}.Release|Any CPU.ActiveCfg = Release|Any CPU
		{CB90BC33-2502-4F3E-B570-2950F72ED481}.Release|Any CPU.Build.0 = Release|Any CPU
		{FC91B1D5-ADA2-4845-9143-23DAF959C8CE}.Debug|Any CPU.ActiveCfg = Debug|Any CPU
		{FC91B1D5-ADA2-4845-9143-23DAF959C8CE}.Debug|Any CPU.Build.0 = Debug|Any CPU
		{FC91B1D5-ADA2-4845-9143-23DAF959C8CE}.Release|Any CPU.ActiveCfg = Release|Any CPU
		{FC91B1D5-ADA2-4845-9143-23DAF959C8CE}.Release|Any CPU.Build.0 = Release|Any CPU
		{4664E8D6-D9C8-414B-B11A-C9173537BB0A}.Debug|Any CPU.ActiveCfg = Debug|Any CPU
		{4664E8D6-D9C8-414B-B11A-C9173537BB0A}.Debug|Any CPU.Build.0 = Debug|Any CPU
		{4664E8D6-D9C8-414B-B11A-C9173537BB0A}.Release|Any CPU.ActiveCfg = Release|Any CPU
		{4664E8D6-D9C8-414B-B11A-C9173537BB0A}.Release|Any CPU.Build.0 = Release|Any CPU
		{609C4BBA-5884-4B5B-AB29-0E07B616FF33}.Debug|Any CPU.ActiveCfg = Debug|Any CPU
		{609C4BBA-5884-4B5B-AB29-0E07B616FF33}.Debug|Any CPU.Build.0 = Debug|Any CPU
		{609C4BBA-5884-4B5B-AB29-0E07B616FF33}.Release|Any CPU.ActiveCfg = Release|Any CPU
		{609C4BBA-5884-4B5B-AB29-0E07B616FF33}.Release|Any CPU.Build.0 = Release|Any CPU
		{A09F553C-74ED-4403-BBD9-1377E7D5379A}.Debug|Any CPU.ActiveCfg = Debug|Any CPU
		{A09F553C-74ED-4403-BBD9-1377E7D5379A}.Debug|Any CPU.Build.0 = Debug|Any CPU
		{A09F553C-74ED-4403-BBD9-1377E7D5379A}.Release|Any CPU.ActiveCfg = Release|Any CPU
		{A09F553C-74ED-4403-BBD9-1377E7D5379A}.Release|Any CPU.Build.0 = Release|Any CPU
		{5D51943E-90A0-4E51-BFA1-3FD435AE2EAA}.Debug|Any CPU.ActiveCfg = Debug|Any CPU
		{5D51943E-90A0-4E51-BFA1-3FD435AE2EAA}.Debug|Any CPU.Build.0 = Debug|Any CPU
		{5D51943E-90A0-4E51-BFA1-3FD435AE2EAA}.Release|Any CPU.ActiveCfg = Release|Any CPU
		{5D51943E-90A0-4E51-BFA1-3FD435AE2EAA}.Release|Any CPU.Build.0 = Release|Any CPU
	EndGlobalSection
	GlobalSection(SolutionProperties) = preSolution
		HideSolutionNode = FALSE
	EndGlobalSection
	GlobalSection(NestedProjects) = preSolution
		{737520DE-F43F-4573-B0ED-4FC3F4BA0742} = {F1CB03AD-3A7B-447D-94FD-2D0149551CB1}
		{CB90BC33-2502-4F3E-B570-2950F72ED481} = {C4678F1B-BC6A-410F-85FE-B14B9A9EEB20}
		{FC91B1D5-ADA2-4845-9143-23DAF959C8CE} = {D932A903-5FDE-4689-A51B-21EF8CBC7AB8}
		{4664E8D6-D9C8-414B-B11A-C9173537BB0A} = {D932A903-5FDE-4689-A51B-21EF8CBC7AB8}
		{609C4BBA-5884-4B5B-AB29-0E07B616FF33} = {D932A903-5FDE-4689-A51B-21EF8CBC7AB8}
		{A09F553C-74ED-4403-BBD9-1377E7D5379A} = {D932A903-5FDE-4689-A51B-21EF8CBC7AB8}
		{5D51943E-90A0-4E51-BFA1-3FD435AE2EAA} = {C4678F1B-BC6A-410F-85FE-B14B9A9EEB20}
	EndGlobalSection
	GlobalSection(ExtensibilityGlobals) = postSolution
		SolutionGuid = {D7CD8775-E8E1-4095-9F03-B64AF45DCA39}
	EndGlobalSection
EndGlobal
